
Microsoft Visual Studio Solution File, Format Version 12.00
Project("{FAE04EC0-301F-11D3-BF4B-00C04F79EFBC}") = "BlazorUI", "BlazorUI\BlazorUI.csproj", "{ED966315-0515-4F6C-BF21-CBB65AFE8DD1}"
EndProject
Project("{FAE04EC0-301F-11D3-BF4B-00C04F79EFBC}") = "DataAccessLibrary", "DataAccessLibrary\DataAccessLibrary.csproj", "{33FC7FBB-97CA-4A4E-8C5F-ADA84F2C4EDD}"
EndProject
Global
	GlobalSection(SolutionConfigurationPlatforms) = preSolution
		Debug|Any CPU = Debug|Any CPU
		Release|Any CPU = Release|Any CPU
	EndGlobalSection
	GlobalSection(ProjectConfigurationPlatforms) = postSolution
		{ED966315-0515-4F6C-BF21-CBB65AFE8DD1}.Debug|Any CPU.ActiveCfg = Debug|Any CPU
		{ED966315-0515-4F6C-BF21-CBB65AFE8DD1}.Debug|Any CPU.Build.0 = Debug|Any CPU
		{ED966315-0515-4F6C-BF21-CBB65AFE8DD1}.Release|Any CPU.ActiveCfg = Release|Any CPU
		{ED966315-0515-4F6C-BF21-CBB65AFE8DD1}.Release|Any CPU.Build.0 = Release|Any CPU
		{33FC7FBB-97CA-4A4E-8C5F-ADA84F2C4EDD}.Debug|Any CPU.ActiveCfg = Debug|Any CPU
		{33FC7FBB-97CA-4A4E-8C5F-ADA84F2C4EDD}.Debug|Any CPU.Build.0 = Debug|Any CPU
		{33FC7FBB-97CA-4A4E-8C5F-ADA84F2C4EDD}.Release|Any CPU.ActiveCfg = Release|Any CPU
		{33FC7FBB-97CA-4A4E-8C5F-ADA84F2C4EDD}.Release|Any CPU.Build.0 = Release|Any CPU
	EndGlobalSection
EndGlobal
